
Microsoft Visual Studio Solution File, Format Version 12.00
# Visual Studio Version 16
VisualStudioVersion = 16.0.30523.141
MinimumVisualStudioVersion = 10.0.40219.1
Project("{FAE04EC0-301F-11D3-BF4B-00C04F79EFBC}") = "PaypalDemo", "PaypalDemo\PaypalDemo.csproj", "{2E27FACA-3B63-49B7-ABBE-AFE2CC310BAB}"
EndProject
Global
	GlobalSection(SolutionConfigurationPlatforms) = preSolution
		Debug|Any CPU = Debug|Any CPU
		Release|Any CPU = Release|Any CPU
	EndGlobalSection
	GlobalSection(ProjectConfigurationPlatforms) = postSolution
		{2E27FACA-3B63-49B7-ABBE-AFE2CC310BAB}.Debug|Any CPU.ActiveCfg = Debug|Any CPU
		{2E27FACA-3B63-49B7-ABBE-AFE2CC310BAB}.Debug|Any CPU.Build.0 = Debug|Any CPU
		{2E27FACA-3B63-49B7-ABBE-AFE2CC310BAB}.Release|Any CPU.ActiveCfg = Release|Any CPU
		{2E27FACA-3B63-49B7-ABBE-AFE2CC310BAB}.Release|Any CPU.Build.0 = Release|Any CPU
	EndGlobalSection
	GlobalSection(SolutionProperties) = preSolution
		HideSolutionNode = FALSE
	EndGlobalSection
	GlobalSection(ExtensibilityGlobals) = postSolution
		SolutionGuid = {26A44CAB-5401-482B-8DCB-0A683187E3A0}
	EndGlobalSection
EndGlobal
